
Microsoft Visual Studio Solution File, Format Version 12.00
Project("{FAE04EC0-301F-11D3-BF4B-00C04F79EFBC}") = "SearchitBreakher", "SearchitBreakher\SearchitBreakher.csproj", "{80C1F481-1649-4A58-9381-7C7B542FBD50}"
EndProject
Project("{FAE04EC0-301F-11D3-BF4B-00C04F79EFBC}") = "SearchitTest", "SearchitTest\SearchitTest.csproj", "{01C75139-1086-4A2B-8F7E-B4A573E4E9C5}"
EndProject
Project("{FAE04EC0-301F-11D3-BF4B-00C04F79EFBC}") = "SearchitLibrary", "SearchitLibrary\SearchitLibrary.csproj", "{563F27A1-0EB2-4EA1-B306-EFF81A3E950A}"
EndProject
Project("{FAE04EC0-301F-11D3-BF4B-00C04F79EFBC}") = "References", "References\References.csproj", "{2F2141F2-FD4F-409D-AA84-B9F3B0171CC4}"
EndProject
Global
	GlobalSection(SolutionConfigurationPlatforms) = preSolution
		Debug|Any CPU = Debug|Any CPU
		Release|Any CPU = Release|Any CPU
	EndGlobalSection
	GlobalSection(ProjectConfigurationPlatforms) = postSolution
		{80C1F481-1649-4A58-9381-7C7B542FBD50}.Debug|Any CPU.ActiveCfg = Debug|Any CPU
		{80C1F481-1649-4A58-9381-7C7B542FBD50}.Debug|Any CPU.Build.0 = Debug|Any CPU
		{80C1F481-1649-4A58-9381-7C7B542FBD50}.Release|Any CPU.ActiveCfg = Release|Any CPU
		{80C1F481-1649-4A58-9381-7C7B542FBD50}.Release|Any CPU.Build.0 = Release|Any CPU
		{01C75139-1086-4A2B-8F7E-B4A573E4E9C5}.Debug|Any CPU.ActiveCfg = Debug|Any CPU
		{01C75139-1086-4A2B-8F7E-B4A573E4E9C5}.Debug|Any CPU.Build.0 = Debug|Any CPU
		{01C75139-1086-4A2B-8F7E-B4A573E4E9C5}.Release|Any CPU.ActiveCfg = Release|Any CPU
		{01C75139-1086-4A2B-8F7E-B4A573E4E9C5}.Release|Any CPU.Build.0 = Release|Any CPU
		{563F27A1-0EB2-4EA1-B306-EFF81A3E950A}.Debug|Any CPU.ActiveCfg = Debug|Any CPU
		{563F27A1-0EB2-4EA1-B306-EFF81A3E950A}.Debug|Any CPU.Build.0 = Debug|Any CPU
		{563F27A1-0EB2-4EA1-B306-EFF81A3E950A}.Release|Any CPU.ActiveCfg = Release|Any CPU
		{563F27A1-0EB2-4EA1-B306-EFF81A3E950A}.Release|Any CPU.Build.0 = Release|Any CPU
		{2F2141F2-FD4F-409D-AA84-B9F3B0171CC4}.Debug|Any CPU.ActiveCfg = Debug|Any CPU
		{2F2141F2-FD4F-409D-AA84-B9F3B0171CC4}.Debug|Any CPU.Build.0 = Debug|Any CPU
		{2F2141F2-FD4F-409D-AA84-B9F3B0171CC4}.Release|Any CPU.ActiveCfg = Release|Any CPU
		{2F2141F2-FD4F-409D-AA84-B9F3B0171CC4}.Release|Any CPU.Build.0 = Release|Any CPU
	EndGlobalSection
EndGlobal
